# THIS IS AN AUTOGENERATED FILE. DO NOT EDIT THIS FILE DIRECTLY.
# yarn lockfile v1


"@citizenfx/client@^2.0.5159-1":
  version "2.0.5159-1"
  resolved "https://registry.yarnpkg.com/@citizenfx/client/-/client-2.0.5159-1.tgz#a23b7f640a6860a7d27ed879d68c32c4201fb37a"
  integrity sha512-VRVKV13soZ9kSiS8Xk+2upJRAs4nWBpb+4O2SXo6F2s5CLDh4WxDk34/w/I8iW6dPGP4e9N+Laa9CQwCl9/Hjg==

"@citizenfx/server@^2.0.5159-1":
  version "2.0.5159-1"
  resolved "https://registry.yarnpkg.com/@citizenfx/server/-/server-2.0.5159-1.tgz#412186d5b108e30b378e741460cb129c2b31755a"
  integrity sha512-r3Yyw12mmdydHVnoFYIwnbAS+zjgC+DHtUasisDtM6h1zwc7Ibx38rD/V3zV+djiGloLSvOb+kgnYZLYr6uL+w==

"@types/node@^17.0.7":
  version "17.0.7"
  resolved "https://registry.yarnpkg.com/@types/node/-/node-17.0.7.tgz#4a53d8332bb65a45470a2f9e2611f1ced637a5cb"
  integrity sha512-1QUk+WAUD4t8iR+Oj+UgI8oJa6yyxaB8a8pHaC8uqM6RrS1qbL7bf3Pwl5rHv0psm2CuDErgho6v5N+G+5fwtQ==

"@types/uuid@^8.3.4":
  version "8.3.4"
  resolved "https://registry.yarnpkg.com/@types/uuid/-/uuid-8.3.4.tgz#bd86a43617df0594787d38b735f55c805becf1bc"
  integrity sha512-c/I8ZRb51j+pYGAu5CrFMRxqZ2ke4y2grEBO5AUjgSkSk+qT2Ea+OdWElz/OiMf5MNpn2b17kuVBwZLQJXzihw==

uuid@^8.3.2:
  version "8.3.2"
  resolved "https://registry.yarnpkg.com/uuid/-/uuid-8.3.2.tgz#80d5b5ced271bb9af6c445f21a1a04c606cefbe2"
  integrity sha512-+NYs2QeMWy+GWFOEm9xnn6HCDp0l7QBD7ml8zLUmJ+93Q5NF0NocErnwkTkXVFNiX3/fpC6afS8Dhb/gz7R7eg==
