# THIS IS AN AUTOGENERATED FILE. DO NOT EDIT THIS FILE DIRECTLY.
# yarn lockfile v1


JSV@^4.0.x:
  version "4.0.2"
  resolved "https://registry.yarnpkg.com/JSV/-/JSV-4.0.2.tgz#d077f6825571f82132f9dffaed587b4029feff57"
  integrity sha1-0Hf2glVx+CEy+d/67Vh7QCn+/1c=

ansi-styles@~1.0.0:
  version "1.0.0"
  resolved "https://registry.yarnpkg.com/ansi-styles/-/ansi-styles-1.0.0.tgz#cb102df1c56f5123eab8b67cd7b98027a0279178"
  integrity sha1-yxAt8cVvUSPquLZ817mAJ6AnkXg=

async@^0.9.0:
  version "0.9.2"
  resolved "https://registry.yarnpkg.com/async/-/async-0.9.2.tgz#aea74d5e61c1f899613bf64bda66d4c78f2fd17d"
  integrity sha1-rqdNXmHB+JlhO/ZL2mbUx48v0X0=

chalk@~0.4.0:
  version "0.4.0"
  resolved "https://registry.yarnpkg.com/chalk/-/chalk-0.4.0.tgz#5199a3ddcd0c1efe23bc08c1b027b06176e0c64f"
  integrity sha1-UZmj3c0MHv4jvAjBsCewYXbgxk8=
  dependencies:
    ansi-styles "~1.0.0"
    has-color "~0.1.0"
    strip-ansi "~0.1.0"

debug@^2.2.0:
  version "2.6.9"
  resolved "https://registry.yarnpkg.com/debug/-/debug-2.6.9.tgz#5d128515df134ff327e90a4c93f4e077a536341f"
  integrity sha512-bC7ElrdJaJnPbAP+1EotYvqZsb3ecl5wi6Bfi6BJTUcNowp6cvspg0jXznRTKDjm/E7AdgFBVeAPVMNcKGsHMA==
  dependencies:
    ms "2.0.0"

findit@^2.0.0:
  version "2.0.0"
  resolved "https://registry.yarnpkg.com/findit/-/findit-2.0.0.tgz#6509f0126af4c178551cfa99394e032e13a4d56e"
  integrity sha1-ZQnwEmr0wXhVHPqZOU4DLhOk1W4=

gammautils@0.0.54:
  version "0.0.54"
  resolved "https://registry.yarnpkg.com/gammautils/-/gammautils-0.0.54.tgz#1747e898be60af48a4df7952ec7810478ebcbc97"
  integrity sha1-F0fomL5gr0ik33lS7HgQR468vJc=

has-color@~0.1.0:
  version "0.1.7"
  resolved "https://registry.yarnpkg.com/has-color/-/has-color-0.1.7.tgz#67144a5260c34fc3cca677d041daf52fe7b78b2f"
  integrity sha1-ZxRKUmDDT8PMpnfQQdr1L+e3iy8=

json-validator@^0.0.34:
  version "0.0.34"
  resolved "https://registry.yarnpkg.com/json-validator/-/json-validator-0.0.34.tgz#b293e1bdc95940add5e8a8db1806a818a7e8652d"
  integrity sha1-spPhvclZQK3V6KjbGAaoGKfoZS0=
  dependencies:
    async "^0.9.0"
    debug "^2.2.0"
    gammautils "0.0.54"
    traverse "~0.6.6"
    validator "^3.16.1"

jsonlint@^1.6.3:
  version "1.6.3"
  resolved "https://registry.yarnpkg.com/jsonlint/-/jsonlint-1.6.3.tgz#cb5e31efc0b78291d0d862fbef05900adf212988"
  integrity sha512-jMVTMzP+7gU/IyC6hvKyWpUU8tmTkK5b3BPNuMI9U8Sit+YAWLlZwB6Y6YrdCxfg2kNz05p3XY3Bmm4m26Nv3A==
  dependencies:
    JSV "^4.0.x"
    nomnom "^1.5.x"

ms@2.0.0:
  version "2.0.0"
  resolved "https://registry.yarnpkg.com/ms/-/ms-2.0.0.tgz#5608aeadfc00be6c2901df5f9861788de0d597c8"
  integrity sha1-VgiurfwAvmwpAd9fmGF4jeDVl8g=

nomnom@^1.5.x:
  version "1.8.1"
  resolved "https://registry.yarnpkg.com/nomnom/-/nomnom-1.8.1.tgz#2151f722472ba79e50a76fc125bb8c8f2e4dc2a7"
  integrity sha1-IVH3Ikcrp55Qp2/BJbuMjy5Nwqc=
  dependencies:
    chalk "~0.4.0"
    underscore "~1.6.0"

strip-ansi@~0.1.0:
  version "0.1.1"
  resolved "https://registry.yarnpkg.com/strip-ansi/-/strip-ansi-0.1.1.tgz#39e8a98d044d150660abe4a6808acf70bb7bc991"
  integrity sha1-OeipjQRNFQZgq+SmgIrPcLt7yZE=

traverse@~0.6.6:
  version "0.6.6"
  resolved "https://registry.yarnpkg.com/traverse/-/traverse-0.6.6.tgz#cbdf560fd7b9af632502fed40f918c157ea97137"
  integrity sha1-y99WD9e5r2MlAv7UD5GMFX6pcTc=

underscore@~1.6.0:
  version "1.6.0"
  resolved "https://registry.yarnpkg.com/underscore/-/underscore-1.6.0.tgz#8b38b10cacdef63337b8b24e4ff86d45aea529a8"
  integrity sha1-izixDKze9jM3uLJOT/htRa6lKag=

validator@^3.16.1:
  version "3.43.0"
  resolved "https://registry.yarnpkg.com/validator/-/validator-3.43.0.tgz#96464b992d4196833d97a194bf40b19ff54bae05"
  integrity sha1-lkZLmS1BloM9l6GUv0Cxn/VLrgU=
